
Microsoft Visual Studio Solution File, Format Version 12.00
# Visual Studio Version 16
VisualStudioVersion = 16.0.32407.337
MinimumVisualStudioVersion = 10.0.40219.1
Project("{FAE04EC0-301F-11D3-BF4B-00C04F79EFBC}") = "FuelDispenseAPI", "FuelDispenseAPI\FuelDispenseAPI.csproj", "{0591E4FC-4671-4175-873C-B678F6F5C4BC}"
EndProject
Global
	GlobalSection(SolutionConfigurationPlatforms) = preSolution
		Debug|Any CPU = Debug|Any CPU
		Release|Any CPU = Release|Any CPU
	EndGlobalSection
	GlobalSection(ProjectConfigurationPlatforms) = postSolution
		{0591E4FC-4671-4175-873C-B678F6F5C4BC}.Debug|Any CPU.ActiveCfg = Debug|Any CPU
		{0591E4FC-4671-4175-873C-B678F6F5C4BC}.Debug|Any CPU.Build.0 = Debug|Any CPU
		{0591E4FC-4671-4175-873C-B678F6F5C4BC}.Release|Any CPU.ActiveCfg = Release|Any CPU
		{0591E4FC-4671-4175-873C-B678F6F5C4BC}.Release|Any CPU.Build.0 = Release|Any CPU
	EndGlobalSection
	GlobalSection(SolutionProperties) = preSolution
		HideSolutionNode = FALSE
	EndGlobalSection
	GlobalSection(ExtensibilityGlobals) = postSolution
		SolutionGuid = {AEA3FA0B-DCB5-47C7-9CF1-6DA0AB3538A8}
	EndGlobalSection
EndGlobal
